{"SurveyEntry":{"SurveyID":"SV_9RbKmkT30EXgRh3","SurveyName":"Practice Guide Usability Scale","SurveyDescription":null,"SurveyOwnerID":"UR_6FjVYWzlW7a3jQp","SurveyBrandID":"unomaha","DivisionID":null,"SurveyLanguage":"EN","SurveyActiveResponseSet":"RS_3W7nvxEAkq4obSB","SurveyStatus":"Active","SurveyStartDate":"0000-00-00 00:00:00","SurveyExpirationDate":"0000-00-00 00:00:00","SurveyCreationDate":"2018-03-27 15:05:49","CreatorID":"UR_6FjVYWzlW7a3jQp","LastModified":"2018-04-30 21:54:07","LastAccessed":"0000-00-00 00:00:00","LastActivated":"2018-03-27 15:18:33","Deleted":null},"SurveyElements":[{"SurveyID":"SV_9RbKmkT30EXgRh3","Element":"BL","PrimaryAttribute":"Survey Blocks","SecondaryAttribute":null,"TertiaryAttribute":null,"Payload":[{"Type":"Default","Description":"Default Question Block","ID":"BL_3IbN9k6miHU85Kd","BlockElements":[{"Type":"Question","QuestionID":"QID1"},{"Type":"Question","QuestionID":"QID4"},{"Type":"Question","QuestionID":"QID5"},{"Type":"Question","QuestionID":"QID6"},{"Type":"Question","QuestionID":"QID7"},{"Type":"Question","QuestionID":"QID8"},{"Type":"Question","QuestionID":"QID9"},{"Type":"Question","QuestionID":"QID10"},{"Type":"Question","QuestionID":"QID11"},{"Type":"Question","QuestionID":"QID12"},{"Type":"Page Break"},{"Type":"Question","QuestionID":"QID14"},{"Type":"Question","QuestionID":"QID13"},{"Type":"Question","QuestionID":"QID18"},{"Type":"Question","QuestionID":"QID19"},{"Type":"Question","QuestionID":"QID20"},{"Type":"Question","QuestionID":"QID21"},{"Type":"Question","QuestionID":"QID23"},{"Type":"Question","QuestionID":"QID22"},{"Type":"Page Break"},{"Type":"Question","QuestionID":"QID24"},{"Type":"Question","QuestionID":"QID25"},{"Type":"Question","QuestionID":"QID26"},{"Type":"Question","QuestionID":"QID27"},{"Type":"Question","QuestionID":"QID28"},{"Type":"Question","QuestionID":"QID29"},{"Type":"Page Break"},{"Type":"Question","QuestionID":"QID30"},{"Type":"Question","QuestionID":"QID31"},{"Type":"Question","QuestionID":"QID34"},{"Type":"Question","QuestionID":"QID35"},{"Type":"Question","QuestionID":"QID36"},{"Type":"Question","QuestionID":"QID37"}]},{"Type":"Trash","Description":"Trash \/ Unused Questions","ID":"BL_9G2MBGiP1J7zjsp","BlockElements":[{"Type":"Question","QuestionID":"QID38"},{"Type":"Question","QuestionID":"QID39"}]},{"Type":"Standard","SubType":"","Description":"Block 1","ID":"BL_0Mv8ZHl112DvwSp"}]},{"SurveyID":"SV_9RbKmkT30EXgRh3","Element":"FL","PrimaryAttribute":"Survey Flow","SecondaryAttribute":null,"TertiaryAttribute":null,"Payload":{"Type":"Root","FlowID":"FL_1","Flow":[{"Type":"Block","ID":"BL_3IbN9k6miHU85Kd","FlowID":"FL_2"},{"ID":"BL_0Mv8ZHl112DvwSp","Type":"Standard","FlowID":"FL_3"}],"Properties":{"Count":3}}},{"SurveyID":"SV_9RbKmkT30EXgRh3","Element":"SO","PrimaryAttribute":"Survey Options","SecondaryAttribute":null,"TertiaryAttribute":null,"Payload":{"BackButton":"false","SaveAndContinue":"true","SurveyProtection":"PublicSurvey","BallotBoxStuffingPrevention":"false","NoIndex":"Yes","SecureResponseFiles":"true","SurveyExpiration":"None","SurveyTermination":"DefaultMessage","Header":"","Footer":"","ProgressBarDisplay":"None","PartialData":"+1 week","ValidationMessage":"","PreviousButton":" \u2190 ","NextButton":" \u2192 ","SkinLibrary":"Qualtrics","SkinType":"MQ","Skin":"v4qualtrics1","NewScoring":1}},{"SurveyID":"SV_9RbKmkT30EXgRh3","Element":"SCO","PrimaryAttribute":"Scoring","SecondaryAttribute":null,"TertiaryAttribute":null,"Payload":{"ScoringCategories":[],"ScoringCategoryGroups":[],"ScoringSummaryCategory":null,"ScoringSummaryAfterQuestions":0,"ScoringSummaryAfterSurvey":0,"DefaultScoringCategory":null,"AutoScoringCategory":null}},{"SurveyID":"SV_9RbKmkT30EXgRh3","Element":"STAT","PrimaryAttribute":"Survey Statistics","SecondaryAttribute":null,"TertiaryAttribute":null,"Payload":{"MobileCompatible":true,"ID":"Survey Statistics"}},{"SurveyID":"SV_9RbKmkT30EXgRh3","Element":"PROJ","PrimaryAttribute":"CORE","SecondaryAttribute":"1.0.0","TertiaryAttribute":null,"Payload":null},{"SurveyID":"SV_9RbKmkT30EXgRh3","Element":"QC","PrimaryAttribute":"Survey Question Count","SecondaryAttribute":"39","TertiaryAttribute":null,"Payload":null},{"SurveyID":"SV_9RbKmkT30EXgRh3","Element":"SQ","PrimaryAttribute":"QID12","SecondaryAttribute":"Additional research was needed to complete implementation of this practice guide.","TertiaryAttribute":null,"Payload":{"QuestionText":"<span style=\"color: rgb(36, 41, 46); font-family: -apple-system, BlinkMacSystemFont, &quot;Segoe UI&quot;, Helvetica, Arial, sans-serif, &quot;Apple Color Emoji&quot;, &quot;Segoe UI Emoji&quot;, &quot;Segoe UI Symbol&quot;; font-size: 16px; background-color: rgb(246, 248, 250);\">Additional research was needed to complete implementation of this practice guide.<\/span>","DataExportTag":"Q10","QuestionType":"MC","Selector":"SAVR","SubSelector":"TX","Configuration":{"QuestionDescriptionOption":"UseText"},"QuestionDescription":"Additional research was needed to complete implementation of this practice guide.","Choices":{"1":{"Display":"Strongly disagree"},"2":{"Display":"Somewhat disagree"},"3":{"Display":"Neither agree nor disagree"},"4":{"Display":"Somewhat agree"},"5":{"Display":"Strongly agree"}},"ChoiceOrder":[1,2,3,4,5],"Validation":{"Settings":{"ForceResponse":"OFF","ForceResponseType":"ON","Type":"None"}},"Language":[],"QuestionID":"QID12","DynamicChoicesData":[],"QuestionText_Unsafe":"<span style=\"color: rgb(36, 41, 46); font-family: -apple-system, BlinkMacSystemFont, &quot;Segoe UI&quot;, Helvetica, Arial, sans-serif, &quot;Apple Color Emoji&quot;, &quot;Segoe UI Emoji&quot;, &quot;Segoe UI Symbol&quot;; font-size: 16px; background-color: rgb(246, 248, 250);\">Additional research was needed to complete implementation of this practice guide.<\/span>","DataVisibility":{"Private":false,"Hidden":false}}},{"SurveyID":"SV_9RbKmkT30EXgRh3","Element":"SQ","PrimaryAttribute":"QID23","SecondaryAttribute":"Are you familiar with any other hosted DNS products not listed above?","TertiaryAttribute":null,"Payload":{"QuestionText":"Are you familiar with any other hosted DNS products not listed above?","DataExportTag":"Q21","QuestionType":"MC","Selector":"SAVR","SubSelector":"TX","Configuration":{"QuestionDescriptionOption":"UseText"},"QuestionDescription":"Are you familiar with any other hosted DNS products not listed above?","Choices":{"23":{"Display":"Yes"},"24":{"Display":"No"}},"ChoiceOrder":["23","24"],"Validation":{"Settings":{"ForceResponse":"OFF","ForceResponseType":"ON","Type":"None"}},"Language":[],"QuestionID":"QID23"}},{"SurveyID":"SV_9RbKmkT30EXgRh3","Element":"SQ","PrimaryAttribute":"QID36","SecondaryAttribute":"Are you familiar with any other\u00a0e-mail clients\u00a0not listed above?","TertiaryAttribute":null,"Payload":{"QuestionText":"Are you familiar with any other&nbsp;<span style=\"color: rgb(36, 41, 46); font-family: -apple-system, BlinkMacSystemFont, &quot;Segoe UI&quot;, Helvetica, Arial, sans-serif, &quot;Apple Color Emoji&quot;, &quot;Segoe UI Emoji&quot;, &quot;Segoe UI Symbol&quot;; font-size: 16px;\">e-mail clients<\/span>&nbsp;not listed above?","DataExportTag":"Q34","QuestionType":"MC","Selector":"SAVR","SubSelector":"TX","DataVisibility":{"Private":false,"Hidden":false},"Configuration":{"QuestionDescriptionOption":"UseText"},"QuestionDescription":"Are you familiar with any other\u00a0e-mail clients\u00a0not listed above?","Choices":{"23":{"Display":"Yes"},"24":{"Display":"No"}},"ChoiceOrder":["23","24"],"Validation":{"Settings":{"ForceResponse":"OFF","ForceResponseType":"ON","Type":"None"}},"Language":[],"QuestionID":"QID36"}},{"SurveyID":"SV_9RbKmkT30EXgRh3","Element":"SQ","PrimaryAttribute":"QID28","SecondaryAttribute":"Are you familiar with any other\u00a0hosted e-mail products\u00a0not listed above?","TertiaryAttribute":null,"Payload":{"QuestionText":"Are you familiar with any other<span style=\"color: rgb(36, 41, 46); font-family: -apple-system, BlinkMacSystemFont, &quot;Segoe UI&quot;, Helvetica, Arial, sans-serif, &quot;Apple Color Emoji&quot;, &quot;Segoe UI Emoji&quot;, &quot;Segoe UI Symbol&quot;; font-size: 16px;\">&nbsp;hosted e-mail products<\/span>&nbsp;not listed above?","DataExportTag":"Q26","QuestionType":"MC","Selector":"SAVR","SubSelector":"TX","DataVisibility":{"Private":false,"Hidden":false},"Configuration":{"QuestionDescriptionOption":"UseText"},"QuestionDescription":"Are you familiar with any other\u00a0hosted e-mail products\u00a0not listed above?","Choices":{"23":{"Display":"Yes"},"24":{"Display":"No"}},"ChoiceOrder":["23","24"],"Validation":{"Settings":{"ForceResponse":"OFF","ForceResponseType":"ON","Type":"None"}},"Language":[],"QuestionID":"QID28"}},{"SurveyID":"SV_9RbKmkT30EXgRh3","Element":"SQ","PrimaryAttribute":"QID19","SecondaryAttribute":"BIND DNS","TertiaryAttribute":null,"Payload":{"QuestionText":"<span style=\"color: rgb(36, 41, 46); font-family: -apple-system, BlinkMacSystemFont, &quot;Segoe UI&quot;, Helvetica, Arial, sans-serif, &quot;Apple Color Emoji&quot;, &quot;Segoe UI Emoji&quot;, &quot;Segoe UI Symbol&quot;; font-size: 16px;\">BIND DNS<\/span>","DataExportTag":"Q17","QuestionType":"MC","Selector":"SAHR","SubSelector":"TX","DataVisibility":{"Private":false,"Hidden":false},"Configuration":{"QuestionDescriptionOption":"UseText","LabelPosition":"BELOW"},"QuestionDescription":"BIND DNS","Choices":{"1":{"Display":"1 - Novice"},"2":{"Display":"2"},"3":{"Display":"3"},"4":{"Display":"4"},"5":{"Display":"5"},"6":{"Display":"6"},"7":{"Display":"7"},"8":{"Display":"8"},"9":{"Display":"9"},"10":{"Display":"10 - Expert"}},"ChoiceOrder":["1","2","3","4","5","6","7","8","9","10"],"Validation":{"Settings":{"ForceResponse":"OFF","ForceResponseType":"ON","Type":"None"}},"Language":[],"QuestionID":"QID19"}},{"SurveyID":"SV_9RbKmkT30EXgRh3","Element":"SQ","PrimaryAttribute":"QID38","SecondaryAttribute":"Click to write the question text","TertiaryAttribute":null,"Payload":{"QuestionText":"Click to write the question text","DefaultChoices":false,"DataExportTag":"Q37","QuestionType":"MC","Selector":"SAVR","SubSelector":"TX","Configuration":{"QuestionDescriptionOption":"UseText"},"QuestionDescription":"Click to write the question text","Choices":{"1":{"Display":"Click to write Choice 1"},"2":{"Display":"Click to write Choice 2"},"3":{"Display":"Click to write Choice 3"}},"ChoiceOrder":["1","2","3"],"Validation":{"Settings":{"ForceResponse":"OFF","ForceResponseType":"ON","Type":"None"}},"GradingData":[],"Language":[],"QuestionID":"QID38"}},{"SurveyID":"SV_9RbKmkT30EXgRh3","Element":"SQ","PrimaryAttribute":"QID39","SecondaryAttribute":"Click to write the question text","TertiaryAttribute":null,"Payload":{"QuestionText":"Click to write the question text","DataExportTag":"Q36","QuestionType":"MC","Selector":"SAVR","SubSelector":"TX","Configuration":{"QuestionDescriptionOption":"UseText"},"QuestionDescription":"Click to write the question text","Choices":{"1":{"Display":"Click to write Choice 1"},"2":{"Display":"Click to write Choice 2"},"3":{"Display":"Click to write Choice 3"}},"ChoiceOrder":["1","2","3"],"Validation":{"Settings":{"ForceResponse":"OFF","ForceResponseType":"ON","Type":"None"}},"Language":[],"QuestionID":"QID39"}},{"SurveyID":"SV_9RbKmkT30EXgRh3","Element":"RS","PrimaryAttribute":"RS_3W7nvxEAkq4obSB","SecondaryAttribute":"Default Response Set","TertiaryAttribute":null,"Payload":null},{"SurveyID":"SV_9RbKmkT30EXgRh3","Element":"SQ","PrimaryAttribute":"QID31","SecondaryAttribute":"Email Clients","TertiaryAttribute":null,"Payload":{"QuestionText":"<span style=\"color: rgb(36, 41, 46); font-family: -apple-system, BlinkMacSystemFont, &quot;Segoe UI&quot;, Helvetica, Arial, sans-serif, &quot;Apple Color Emoji&quot;, &quot;Segoe UI Emoji&quot;, &quot;Segoe UI Symbol&quot;; font-size: 16px;\">Email Clients<\/span>","DataExportTag":"Q29","QuestionType":"MC","Selector":"SAHR","SubSelector":"TX","DataVisibility":{"Private":false,"Hidden":false},"Configuration":{"QuestionDescriptionOption":"UseText","LabelPosition":"BELOW"},"QuestionDescription":"Email Clients","Choices":{"1":{"Display":"1 - Novice"},"2":{"Display":"2"},"3":{"Display":"3"},"4":{"Display":"4"},"5":{"Display":"5"},"6":{"Display":"6"},"7":{"Display":"7"},"8":{"Display":"8"},"9":{"Display":"9"},"10":{"Display":"10 - Expert"}},"ChoiceOrder":["1","2","3","4","5","6","7","8","9","10"],"Validation":{"Settings":{"ForceResponse":"OFF","ForceResponseType":"ON","Type":"None"}},"Language":[],"QuestionID":"QID31"}},{"SurveyID":"SV_9RbKmkT30EXgRh3","Element":"SQ","PrimaryAttribute":"QID14","SecondaryAttribute":"For the following questions, rate your familiarity with each technology on a scale of 1-10 (1 bei...","TertiaryAttribute":null,"Payload":{"QuestionText":"<em>For the following questions, rate your familiarity with each technology on a scale of 1-10 (1 being a novice and 10 being an expert).<\/em>","DefaultChoices":false,"DataExportTag":"Q12","QuestionID":"QID14","QuestionType":"DB","Selector":"TB","Configuration":{"QuestionDescriptionOption":"UseText"},"QuestionDescription":"For the following questions, rate your familiarity with each technology on a scale of 1-10 (1 bei...","ChoiceOrder":[],"Validation":{"Settings":{"Type":"None"}},"GradingData":[],"Language":[]}},{"SurveyID":"SV_9RbKmkT30EXgRh3","Element":"SQ","PrimaryAttribute":"QID24","SecondaryAttribute":"For the following questions, rate your familiarity with each technology on a scale of 1-10 (1 bei...","TertiaryAttribute":null,"Payload":{"QuestionText":"<em>For the following questions, rate your familiarity with each technology on a scale of 1-10 (1 being a novice and 10 being an expert).<\/em>","DefaultChoices":false,"DataExportTag":"Q22","QuestionType":"DB","Selector":"TB","DataVisibility":{"Private":false,"Hidden":false},"Configuration":{"QuestionDescriptionOption":"UseText"},"QuestionDescription":"For the following questions, rate your familiarity with each technology on a scale of 1-10 (1 bei...","ChoiceOrder":[],"Validation":{"Settings":{"Type":"None"}},"GradingData":[],"Language":[],"QuestionID":"QID24"}},{"SurveyID":"SV_9RbKmkT30EXgRh3","Element":"SQ","PrimaryAttribute":"QID30","SecondaryAttribute":"For the following questions, rate your familiarity with each technology on a scale of 1-10 (1 bei...","TertiaryAttribute":null,"Payload":{"QuestionText":"<em>For the following questions, rate your familiarity with each technology on a scale of 1-10 (1 being a novice and 10 being an expert).<\/em>","DefaultChoices":false,"DataExportTag":"Q28","QuestionType":"DB","Selector":"TB","DataVisibility":{"Private":false,"Hidden":false},"Configuration":{"QuestionDescriptionOption":"UseText"},"QuestionDescription":"For the following questions, rate your familiarity with each technology on a scale of 1-10 (1 bei...","ChoiceOrder":[],"Validation":{"Settings":{"Type":"None"}},"GradingData":[],"Language":[],"QuestionID":"QID30"}},{"SurveyID":"SV_9RbKmkT30EXgRh3","Element":"SQ","PrimaryAttribute":"QID13","SecondaryAttribute":"Hosted DNS","TertiaryAttribute":null,"Payload":{"QuestionText":"<span style=\"color: rgb(36, 41, 46); font-family: -apple-system, BlinkMacSystemFont, &quot;Segoe UI&quot;, Helvetica, Arial, sans-serif, &quot;Apple Color Emoji&quot;, &quot;Segoe UI Emoji&quot;, &quot;Segoe UI Symbol&quot;; font-size: 16px;\">Hosted DNS<\/span>","DataExportTag":"Q11","QuestionType":"MC","Selector":"SAHR","SubSelector":"TX","Configuration":{"QuestionDescriptionOption":"UseText","LabelPosition":"BELOW"},"QuestionDescription":"Hosted DNS","Choices":{"1":{"Display":"1 - Novice"},"2":{"Display":"2"},"3":{"Display":"3"},"4":{"Display":"4"},"5":{"Display":"5"},"6":{"Display":"6"},"7":{"Display":"7"},"8":{"Display":"8"},"9":{"Display":"9"},"10":{"Display":"10 - Expert"}},"ChoiceOrder":["1","2","3","4","5","6","7","8","9","10"],"Validation":{"Settings":{"ForceResponse":"OFF","ForceResponseType":"ON","Type":"None"}},"Language":[],"QuestionID":"QID13","DataVisibility":{"Private":false,"Hidden":false}}},{"SurveyID":"SV_9RbKmkT30EXgRh3","Element":"SQ","PrimaryAttribute":"QID25","SecondaryAttribute":"Hosted E-mail Servers","TertiaryAttribute":null,"Payload":{"QuestionText":"<span style=\"color: rgb(36, 41, 46); font-family: -apple-system, BlinkMacSystemFont, &quot;Segoe UI&quot;, Helvetica, Arial, sans-serif, &quot;Apple Color Emoji&quot;, &quot;Segoe UI Emoji&quot;, &quot;Segoe UI Symbol&quot;; font-size: 16px;\">Hosted E-mail Servers<\/span>","DataExportTag":"Q23","QuestionType":"MC","Selector":"SAHR","SubSelector":"TX","DataVisibility":{"Private":false,"Hidden":false},"Configuration":{"QuestionDescriptionOption":"UseText","LabelPosition":"BELOW"},"QuestionDescription":"Hosted E-mail Servers","Choices":{"1":{"Display":"1 - Novice"},"2":{"Display":"2"},"3":{"Display":"3"},"4":{"Display":"4"},"5":{"Display":"5"},"6":{"Display":"6"},"7":{"Display":"7"},"8":{"Display":"8"},"9":{"Display":"9"},"10":{"Display":"10 - Expert"}},"ChoiceOrder":["1","2","3","4","5","6","7","8","9","10"],"Validation":{"Settings":{"ForceResponse":"OFF","ForceResponseType":"ON","Type":"None"}},"Language":[],"QuestionID":"QID25"}},{"SurveyID":"SV_9RbKmkT30EXgRh3","Element":"SQ","PrimaryAttribute":"QID6","SecondaryAttribute":"I needed additional technical support to implement this practice guide.","TertiaryAttribute":null,"Payload":{"QuestionText":"<span style=\"color: rgb(36, 41, 46); font-family: -apple-system, BlinkMacSystemFont, &quot;Segoe UI&quot;, Helvetica, Arial, sans-serif, &quot;Apple Color Emoji&quot;, &quot;Segoe UI Emoji&quot;, &quot;Segoe UI Symbol&quot;; font-size: 16px; background-color: rgb(246, 248, 250);\">I needed additional technical support to implement this practice guide.<\/span>","DataExportTag":"Q4","QuestionType":"MC","Selector":"SAVR","SubSelector":"TX","Configuration":{"QuestionDescriptionOption":"UseText"},"QuestionDescription":"I needed additional technical support to implement this practice guide.","Choices":{"1":{"Display":"Strongly disagree"},"2":{"Display":"Somewhat disagree"},"3":{"Display":"Neither agree nor disagree"},"4":{"Display":"Somewhat agree"},"5":{"Display":"Strongly agree"}},"ChoiceOrder":[1,2,3,4,5],"Validation":{"Settings":{"ForceResponse":"OFF","ForceResponseType":"ON","Type":"None"}},"Language":[],"QuestionID":"QID6","DynamicChoicesData":[],"QuestionText_Unsafe":"<span style=\"color: rgb(36, 41, 46); font-family: -apple-system, BlinkMacSystemFont, &quot;Segoe UI&quot;, Helvetica, Arial, sans-serif, &quot;Apple Color Emoji&quot;, &quot;Segoe UI Emoji&quot;, &quot;Segoe UI Symbol&quot;; font-size: 16px; background-color: rgb(246, 248, 250);\">I needed additional technical support to implement this practice guide.<\/span>","DataVisibility":{"Private":false,"Hidden":false}}},{"SurveyID":"SV_9RbKmkT30EXgRh3","Element":"SQ","PrimaryAttribute":"QID11","SecondaryAttribute":"I understood the instructions in this practice guide.","TertiaryAttribute":null,"Payload":{"QuestionText":"<span style=\"color: rgb(36, 41, 46); font-family: -apple-system, BlinkMacSystemFont, &quot;Segoe UI&quot;, Helvetica, Arial, sans-serif, &quot;Apple Color Emoji&quot;, &quot;Segoe UI Emoji&quot;, &quot;Segoe UI Symbol&quot;; font-size: 16px;\">I understood the instructions in this practice guide.<\/span>","DataExportTag":"Q9","QuestionType":"MC","Selector":"SAVR","SubSelector":"TX","Configuration":{"QuestionDescriptionOption":"UseText"},"QuestionDescription":"I understood the instructions in this practice guide.","Choices":{"1":{"Display":"Strongly disagree"},"2":{"Display":"Somewhat disagree"},"3":{"Display":"Neither agree nor disagree"},"4":{"Display":"Somewhat agree"},"5":{"Display":"Strongly agree"}},"ChoiceOrder":[1,2,3,4,5],"Validation":{"Settings":{"ForceResponse":"OFF","ForceResponseType":"ON","Type":"None"}},"Language":[],"QuestionID":"QID11","DynamicChoicesData":[],"QuestionText_Unsafe":"<span style=\"color: rgb(36, 41, 46); font-family: -apple-system, BlinkMacSystemFont, &quot;Segoe UI&quot;, Helvetica, Arial, sans-serif, &quot;Apple Color Emoji&quot;, &quot;Segoe UI Emoji&quot;, &quot;Segoe UI Symbol&quot;; font-size: 16px;\">I understood the instructions in this practice guide.<\/span>","DataVisibility":{"Private":false,"Hidden":false}}},{"SurveyID":"SV_9RbKmkT30EXgRh3","Element":"SQ","PrimaryAttribute":"QID1","SecondaryAttribute":"I would be able to implement other practice guides.","TertiaryAttribute":null,"Payload":{"QuestionText":"<span style=\"color: rgb(36, 41, 46); font-family: -apple-system, BlinkMacSystemFont, &quot;Segoe UI&quot;, Helvetica, Arial, sans-serif, &quot;Apple Color Emoji&quot;, &quot;Segoe UI Emoji&quot;, &quot;Segoe UI Symbol&quot;; font-size: 16px;\">I would be able to implement other practice guides.<\/span>","DataExportTag":"Q1","QuestionType":"MC","Selector":"SAVR","SubSelector":"TX","Configuration":{"QuestionDescriptionOption":"UseText"},"QuestionDescription":"I would be able to implement other practice guides.","Choices":{"1":{"Display":"Strongly disagree"},"2":{"Display":"Somewhat disagree"},"3":{"Display":"Neither agree nor disagree"},"4":{"Display":"Somewhat agree"},"5":{"Display":"Strongly agree"}},"ChoiceOrder":[1,2,3,4,5],"Validation":{"Settings":{"ForceResponse":"OFF","ForceResponseType":"ON","Type":"None"}},"Language":[],"QuestionID":"QID1","QuestionText_Unsafe":"<span style=\"color: rgb(36, 41, 46); font-family: -apple-system, BlinkMacSystemFont, &quot;Segoe UI&quot;, Helvetica, Arial, sans-serif, &quot;Apple Color Emoji&quot;, &quot;Segoe UI Emoji&quot;, &quot;Segoe UI Symbol&quot;; font-size: 16px;\">I would be able to implement other practice guides.<\/span>"}},{"SurveyID":"SV_9RbKmkT30EXgRh3","Element":"SQ","PrimaryAttribute":"QID26","SecondaryAttribute":"Microsoft Exchange","TertiaryAttribute":null,"Payload":{"QuestionText":"<span style=\"color: rgb(36, 41, 46); font-family: -apple-system, BlinkMacSystemFont, &quot;Segoe UI&quot;, Helvetica, Arial, sans-serif, &quot;Apple Color Emoji&quot;, &quot;Segoe UI Emoji&quot;, &quot;Segoe UI Symbol&quot;; font-size: 16px;\">Microsoft Exchange<\/span>","DataExportTag":"Q24","QuestionType":"MC","Selector":"SAHR","SubSelector":"TX","DataVisibility":{"Private":false,"Hidden":false},"Configuration":{"QuestionDescriptionOption":"UseText","LabelPosition":"BELOW"},"QuestionDescription":"Microsoft Exchange","Choices":{"1":{"Display":"1 - Novice"},"2":{"Display":"2"},"3":{"Display":"3"},"4":{"Display":"4"},"5":{"Display":"5"},"6":{"Display":"6"},"7":{"Display":"7"},"8":{"Display":"8"},"9":{"Display":"9"},"10":{"Display":"10 - Expert"}},"ChoiceOrder":["1","2","3","4","5","6","7","8","9","10"],"Validation":{"Settings":{"ForceResponse":"OFF","ForceResponseType":"ON","Type":"None"}},"Language":[],"QuestionID":"QID26"}},{"SurveyID":"SV_9RbKmkT30EXgRh3","Element":"SQ","PrimaryAttribute":"QID34","SecondaryAttribute":"Microsoft Outlook","TertiaryAttribute":null,"Payload":{"QuestionText":"<span style=\"color: rgb(36, 41, 46); font-family: -apple-system, BlinkMacSystemFont, &quot;Segoe UI&quot;, Helvetica, Arial, sans-serif, &quot;Apple Color Emoji&quot;, &quot;Segoe UI Emoji&quot;, &quot;Segoe UI Symbol&quot;; font-size: 16px;\">Microsoft Outlook<\/span>","DataExportTag":"Q32","QuestionType":"MC","Selector":"SAHR","SubSelector":"TX","DataVisibility":{"Private":false,"Hidden":false},"Configuration":{"QuestionDescriptionOption":"UseText","LabelPosition":"BELOW"},"QuestionDescription":"Microsoft Outlook","Choices":{"1":{"Display":"1 - Novice"},"2":{"Display":"2"},"3":{"Display":"3"},"4":{"Display":"4"},"5":{"Display":"5"},"6":{"Display":"6"},"7":{"Display":"7"},"8":{"Display":"8"},"9":{"Display":"9"},"10":{"Display":"10 - Expert"}},"ChoiceOrder":["1","2","3","4","5","6","7","8","9","10"],"Validation":{"Settings":{"ForceResponse":"OFF","ForceResponseType":"ON","Type":"None"}},"Language":[],"QuestionID":"QID34"}},{"SurveyID":"SV_9RbKmkT30EXgRh3","Element":"SQ","PrimaryAttribute":"QID9","SecondaryAttribute":"Most people could easily implement this practice guide.","TertiaryAttribute":null,"Payload":{"QuestionText":"<span style=\"color: rgb(36, 41, 46); font-family: -apple-system, BlinkMacSystemFont, &quot;Segoe UI&quot;, Helvetica, Arial, sans-serif, &quot;Apple Color Emoji&quot;, &quot;Segoe UI Emoji&quot;, &quot;Segoe UI Symbol&quot;; font-size: 16px;\">Most people could easily implement this practice guide.<\/span>","DataExportTag":"Q7","QuestionType":"MC","Selector":"SAVR","SubSelector":"TX","Configuration":{"QuestionDescriptionOption":"UseText"},"QuestionDescription":"Most people could easily implement this practice guide.","Choices":{"1":{"Display":"Strongly disagree"},"2":{"Display":"Somewhat disagree"},"3":{"Display":"Neither agree nor disagree"},"4":{"Display":"Somewhat agree"},"5":{"Display":"Strongly agree"}},"ChoiceOrder":[1,2,3,4,5],"Validation":{"Settings":{"ForceResponse":"OFF","ForceResponseType":"ON","Type":"None"}},"Language":[],"QuestionID":"QID9","DynamicChoicesData":[],"QuestionText_Unsafe":"<span style=\"color: rgb(36, 41, 46); font-family: -apple-system, BlinkMacSystemFont, &quot;Segoe UI&quot;, Helvetica, Arial, sans-serif, &quot;Apple Color Emoji&quot;, &quot;Segoe UI Emoji&quot;, &quot;Segoe UI Symbol&quot;; font-size: 16px;\">Most people could easily implement this practice guide.<\/span>","DataVisibility":{"Private":false,"Hidden":false}}},{"SurveyID":"SV_9RbKmkT30EXgRh3","Element":"SQ","PrimaryAttribute":"QID21","SecondaryAttribute":"OpenDNSSec","TertiaryAttribute":null,"Payload":{"QuestionText":"<span style=\"color: rgb(36, 41, 46); font-family: -apple-system, BlinkMacSystemFont, &quot;Segoe UI&quot;, Helvetica, Arial, sans-serif, &quot;Apple Color Emoji&quot;, &quot;Segoe UI Emoji&quot;, &quot;Segoe UI Symbol&quot;; font-size: 16px;\">OpenDNSSec<\/span>","DataExportTag":"Q19","QuestionType":"MC","Selector":"SAHR","SubSelector":"TX","DataVisibility":{"Private":false,"Hidden":false},"Configuration":{"QuestionDescriptionOption":"UseText","LabelPosition":"BELOW"},"QuestionDescription":"OpenDNSSec","Choices":{"1":{"Display":"1 - Novice"},"2":{"Display":"2"},"3":{"Display":"3"},"4":{"Display":"4"},"5":{"Display":"5"},"6":{"Display":"6"},"7":{"Display":"7"},"8":{"Display":"8"},"9":{"Display":"9"},"10":{"Display":"10 - Expert"}},"ChoiceOrder":["1","2","3","4","5","6","7","8","9","10"],"Validation":{"Settings":{"ForceResponse":"OFF","ForceResponseType":"ON","Type":"None"}},"Language":[],"QuestionID":"QID21"}},{"SurveyID":"SV_9RbKmkT30EXgRh3","Element":"SQ","PrimaryAttribute":"QID22","SecondaryAttribute":"Please, list them here:","TertiaryAttribute":null,"Payload":{"QuestionText":"Please, list them here:","DefaultChoices":false,"DataExportTag":"Q20","QuestionType":"TE","Selector":"ML","Configuration":{"QuestionDescriptionOption":"UseText","InputWidth":680,"InputHeight":103},"QuestionDescription":"Please, list them here:","Validation":{"Settings":{"ForceResponse":"OFF","ForceResponseType":"ON","Type":"None"}},"GradingData":[],"Language":[],"QuestionID":"QID22","DataVisibility":{"Private":false,"Hidden":false},"InPageDisplayLogic":{"0":{"0":{"QuestionID":"QID23","QuestionIsInLoop":"no","ChoiceLocator":"q:\/\/QID23\/SelectableChoice\/23","Operator":"Selected","QuestionIDFromLocator":"QID23","LeftOperand":"q:\/\/QID23\/SelectableChoice\/23","Type":"Expression","LogicType":"Question","Description":"<span class=\"ConjDesc\">If<\/span> <span class=\"QuestionDesc\">Are you familiar with any other hosted DNS products not listed above?<\/span> <span class=\"LeftOpDesc\">Yes<\/span> <span class=\"OpDesc\">Is Selected<\/span> "},"Type":"If"},"Type":"BooleanExpression","inPage":true}}},{"SurveyID":"SV_9RbKmkT30EXgRh3","Element":"SQ","PrimaryAttribute":"QID29","SecondaryAttribute":"Please, list them here:","TertiaryAttribute":null,"Payload":{"QuestionText":"Please, list them here:","DefaultChoices":false,"DataExportTag":"Q27","QuestionType":"TE","Selector":"ML","DataVisibility":{"Private":false,"Hidden":false},"Configuration":{"QuestionDescriptionOption":"UseText","InputWidth":680,"InputHeight":103},"QuestionDescription":"Please, list them here:","Validation":{"Settings":{"ForceResponse":"OFF","ForceResponseType":"ON","Type":"None"}},"GradingData":[],"Language":[],"QuestionID":"QID29","InPageDisplayLogic":{"0":{"0":{"QuestionID":"QID28","QuestionIsInLoop":"no","ChoiceLocator":"q:\/\/QID28\/SelectableChoice\/23","Operator":"Selected","QuestionIDFromLocator":"QID28","LeftOperand":"q:\/\/QID28\/SelectableChoice\/23","Type":"Expression","LogicType":"Question","Description":"<span class=\"ConjDesc\">If<\/span> <span class=\"QuestionDesc\">Are you familiar with any other&amp;nbsp;hosted e-mail products&amp;nbsp;not listed above?<\/span> <span class=\"LeftOpDesc\">Yes<\/span> <span class=\"OpDesc\">Is Selected<\/span> "},"Type":"If"},"Type":"BooleanExpression","inPage":true}}},{"SurveyID":"SV_9RbKmkT30EXgRh3","Element":"SQ","PrimaryAttribute":"QID37","SecondaryAttribute":"Please, list them here:","TertiaryAttribute":null,"Payload":{"QuestionText":"Please, list them here:","DefaultChoices":false,"DataExportTag":"Q35","QuestionType":"TE","Selector":"ML","DataVisibility":{"Private":false,"Hidden":false},"Configuration":{"QuestionDescriptionOption":"UseText","InputWidth":680,"InputHeight":103},"QuestionDescription":"Please, list them here:","Validation":{"Settings":{"ForceResponse":"OFF","ForceResponseType":"ON","Type":"None"}},"GradingData":[],"Language":[],"QuestionID":"QID37","InPageDisplayLogic":{"0":{"0":{"QuestionID":"QID36","QuestionIsInLoop":"no","ChoiceLocator":"q:\/\/QID36\/SelectableChoice\/23","Operator":"Selected","QuestionIDFromLocator":"QID36","LeftOperand":"q:\/\/QID36\/SelectableChoice\/23","Type":"Expression","LogicType":"Question","Description":"<span class=\"ConjDesc\">If<\/span> <span class=\"QuestionDesc\">Are you familiar with any other&amp;nbsp;e-mail clients&amp;nbsp;not listed above?<\/span> <span class=\"LeftOpDesc\">Yes<\/span> <span class=\"OpDesc\">Is Selected<\/span> "},"Type":"If"},"Type":"BooleanExpression","inPage":true}}},{"SurveyID":"SV_9RbKmkT30EXgRh3","Element":"SQ","PrimaryAttribute":"QID27","SecondaryAttribute":"Posfix\/Dovecot","TertiaryAttribute":null,"Payload":{"QuestionText":"<span style=\"color: rgb(36, 41, 46); font-family: -apple-system, BlinkMacSystemFont, &quot;Segoe UI&quot;, Helvetica, Arial, sans-serif, &quot;Apple Color Emoji&quot;, &quot;Segoe UI Emoji&quot;, &quot;Segoe UI Symbol&quot;; font-size: 16px;\">Posfix\/Dovecot<\/span>","DataExportTag":"Q25","QuestionType":"MC","Selector":"SAHR","SubSelector":"TX","DataVisibility":{"Private":false,"Hidden":false},"Configuration":{"QuestionDescriptionOption":"UseText","LabelPosition":"BELOW"},"QuestionDescription":"Posfix\/Dovecot","Choices":{"1":{"Display":"1 - Novice"},"2":{"Display":"2"},"3":{"Display":"3"},"4":{"Display":"4"},"5":{"Display":"5"},"6":{"Display":"6"},"7":{"Display":"7"},"8":{"Display":"8"},"9":{"Display":"9"},"10":{"Display":"10 - Expert"}},"ChoiceOrder":["1","2","3","4","5","6","7","8","9","10"],"Validation":{"Settings":{"ForceResponse":"OFF","ForceResponseType":"ON","Type":"None"}},"Language":[],"QuestionID":"QID27"}},{"SurveyID":"SV_9RbKmkT30EXgRh3","Element":"SQ","PrimaryAttribute":"QID8","SecondaryAttribute":"The instructions in this practice guide were inconsistent.","TertiaryAttribute":null,"Payload":{"QuestionText":"<span style=\"color: rgb(36, 41, 46); font-family: -apple-system, BlinkMacSystemFont, &quot;Segoe UI&quot;, Helvetica, Arial, sans-serif, &quot;Apple Color Emoji&quot;, &quot;Segoe UI Emoji&quot;, &quot;Segoe UI Symbol&quot;; font-size: 16px; background-color: rgb(246, 248, 250);\">The instructions in this practice guide were inconsistent.<\/span>","DataExportTag":"Q6","QuestionType":"MC","Selector":"SAVR","SubSelector":"TX","Configuration":{"QuestionDescriptionOption":"UseText"},"QuestionDescription":"The instructions in this practice guide were inconsistent.","Choices":{"1":{"Display":"Strongly disagree"},"2":{"Display":"Somewhat disagree"},"3":{"Display":"Neither agree nor disagree"},"4":{"Display":"Somewhat agree"},"5":{"Display":"Strongly agree"}},"ChoiceOrder":[1,2,3,4,5],"Validation":{"Settings":{"ForceResponse":"OFF","ForceResponseType":"ON","Type":"None"}},"Language":[],"QuestionID":"QID8","DynamicChoicesData":[],"QuestionText_Unsafe":"<span style=\"color: rgb(36, 41, 46); font-family: -apple-system, BlinkMacSystemFont, &quot;Segoe UI&quot;, Helvetica, Arial, sans-serif, &quot;Apple Color Emoji&quot;, &quot;Segoe UI Emoji&quot;, &quot;Segoe UI Symbol&quot;; font-size: 16px; background-color: rgb(246, 248, 250);\">The instructions in this practice guide were inconsistent.<\/span>","DataVisibility":{"Private":false,"Hidden":false}}},{"SurveyID":"SV_9RbKmkT30EXgRh3","Element":"SQ","PrimaryAttribute":"QID7","SecondaryAttribute":"The tasks in this practice guide were adequately explained.","TertiaryAttribute":null,"Payload":{"QuestionText":"<span style=\"color: rgb(36, 41, 46); font-family: -apple-system, BlinkMacSystemFont, &quot;Segoe UI&quot;, Helvetica, Arial, sans-serif, &quot;Apple Color Emoji&quot;, &quot;Segoe UI Emoji&quot;, &quot;Segoe UI Symbol&quot;; font-size: 16px;\">The tasks in this practice guide were adequately explained.<\/span>","DataExportTag":"Q5","QuestionType":"MC","Selector":"SAVR","SubSelector":"TX","Configuration":{"QuestionDescriptionOption":"UseText"},"QuestionDescription":"The tasks in this practice guide were adequately explained.","Choices":{"1":{"Display":"Strongly disagree"},"2":{"Display":"Somewhat disagree"},"3":{"Display":"Neither agree nor disagree"},"4":{"Display":"Somewhat agree"},"5":{"Display":"Strongly agree"}},"ChoiceOrder":[1,2,3,4,5],"Validation":{"Settings":{"ForceResponse":"OFF","ForceResponseType":"ON","Type":"None"}},"Language":[],"QuestionID":"QID7","DynamicChoicesData":[],"QuestionText_Unsafe":"<span style=\"color: rgb(36, 41, 46); font-family: -apple-system, BlinkMacSystemFont, &quot;Segoe UI&quot;, Helvetica, Arial, sans-serif, &quot;Apple Color Emoji&quot;, &quot;Segoe UI Emoji&quot;, &quot;Segoe UI Symbol&quot;; font-size: 16px;\">The tasks in this practice guide were adequately explained.<\/span>","DataVisibility":{"Private":false,"Hidden":false}}},{"SurveyID":"SV_9RbKmkT30EXgRh3","Element":"SQ","PrimaryAttribute":"QID10","SecondaryAttribute":"This practice guide was difficult to follow.","TertiaryAttribute":null,"Payload":{"QuestionText":"<span style=\"color: rgb(36, 41, 46); font-family: -apple-system, BlinkMacSystemFont, &quot;Segoe UI&quot;, Helvetica, Arial, sans-serif, &quot;Apple Color Emoji&quot;, &quot;Segoe UI Emoji&quot;, &quot;Segoe UI Symbol&quot;; font-size: 16px; background-color: rgb(246, 248, 250);\">This practice guide was difficult to follow.<\/span>","DataExportTag":"Q8","QuestionType":"MC","Selector":"SAVR","SubSelector":"TX","Configuration":{"QuestionDescriptionOption":"UseText"},"QuestionDescription":"This practice guide was difficult to follow.","Choices":{"1":{"Display":"Strongly disagree"},"2":{"Display":"Somewhat disagree"},"3":{"Display":"Neither agree nor disagree"},"4":{"Display":"Somewhat agree"},"5":{"Display":"Strongly agree"}},"ChoiceOrder":[1,2,3,4,5],"Validation":{"Settings":{"ForceResponse":"OFF","ForceResponseType":"ON","Type":"None"}},"Language":[],"QuestionID":"QID10","DynamicChoicesData":[],"QuestionText_Unsafe":"<span style=\"color: rgb(36, 41, 46); font-family: -apple-system, BlinkMacSystemFont, &quot;Segoe UI&quot;, Helvetica, Arial, sans-serif, &quot;Apple Color Emoji&quot;, &quot;Segoe UI Emoji&quot;, &quot;Segoe UI Symbol&quot;; font-size: 16px; background-color: rgb(246, 248, 250);\">This practice guide was difficult to follow.<\/span>","DataVisibility":{"Private":false,"Hidden":false}}},{"SurveyID":"SV_9RbKmkT30EXgRh3","Element":"SQ","PrimaryAttribute":"QID5","SecondaryAttribute":"This practice guide was easy to use.","TertiaryAttribute":null,"Payload":{"QuestionText":"<span style=\"color: rgb(36, 41, 46); font-family: -apple-system, BlinkMacSystemFont, &quot;Segoe UI&quot;, Helvetica, Arial, sans-serif, &quot;Apple Color Emoji&quot;, &quot;Segoe UI Emoji&quot;, &quot;Segoe UI Symbol&quot;; font-size: 16px;\">This practice guide was easy to use.<\/span>","DataExportTag":"Q3","QuestionType":"MC","Selector":"SAVR","SubSelector":"TX","Configuration":{"QuestionDescriptionOption":"UseText"},"QuestionDescription":"This practice guide was easy to use.","Choices":{"1":{"Display":"Strongly disagree"},"2":{"Display":"Somewhat disagree"},"3":{"Display":"Neither agree nor disagree"},"4":{"Display":"Somewhat agree"},"5":{"Display":"Strongly agree"}},"ChoiceOrder":[1,2,3,4,5],"Validation":{"Settings":{"ForceResponse":"OFF","ForceResponseType":"ON","Type":"None"}},"Language":[],"QuestionID":"QID5","DynamicChoicesData":[],"QuestionText_Unsafe":"<span style=\"color: rgb(36, 41, 46); font-family: -apple-system, BlinkMacSystemFont, &quot;Segoe UI&quot;, Helvetica, Arial, sans-serif, &quot;Apple Color Emoji&quot;, &quot;Segoe UI Emoji&quot;, &quot;Segoe UI Symbol&quot;; font-size: 16px;\">This practice guide was easy to use.<\/span>","DataVisibility":{"Private":false,"Hidden":false}}},{"SurveyID":"SV_9RbKmkT30EXgRh3","Element":"SQ","PrimaryAttribute":"QID4","SecondaryAttribute":"This practice guide was unnecessarily complex.","TertiaryAttribute":null,"Payload":{"QuestionText":"<span style=\"color: rgb(36, 41, 46); font-family: -apple-system, BlinkMacSystemFont, &quot;Segoe UI&quot;, Helvetica, Arial, sans-serif, &quot;Apple Color Emoji&quot;, &quot;Segoe UI Emoji&quot;, &quot;Segoe UI Symbol&quot;; font-size: 16px; background-color: rgb(246, 248, 250);\">This practice guide was unnecessarily complex.<\/span>","DataExportTag":"Q2","QuestionType":"MC","Selector":"SAVR","SubSelector":"TX","Configuration":{"QuestionDescriptionOption":"UseText"},"QuestionDescription":"This practice guide was unnecessarily complex.","Choices":{"1":{"Display":"Strongly disagree"},"2":{"Display":"Somewhat disagree"},"3":{"Display":"Neither agree nor disagree"},"4":{"Display":"Somewhat agree"},"5":{"Display":"Strongly agree"}},"ChoiceOrder":[1,2,3,4,5],"Validation":{"Settings":{"ForceResponse":"OFF","ForceResponseType":"ON","Type":"None"}},"Language":[],"QuestionID":"QID4","DynamicChoicesData":[],"QuestionText_Unsafe":"<span style=\"color: rgb(36, 41, 46); font-family: -apple-system, BlinkMacSystemFont, &quot;Segoe UI&quot;, Helvetica, Arial, sans-serif, &quot;Apple Color Emoji&quot;, &quot;Segoe UI Emoji&quot;, &quot;Segoe UI Symbol&quot;; font-size: 16px; background-color: rgb(246, 248, 250);\">This practice guide was unnecessarily complex.<\/span>"}},{"SurveyID":"SV_9RbKmkT30EXgRh3","Element":"SQ","PrimaryAttribute":"QID35","SecondaryAttribute":"Thunderbird","TertiaryAttribute":null,"Payload":{"QuestionText":"<span style=\"color: rgb(36, 41, 46); font-family: -apple-system, BlinkMacSystemFont, &quot;Segoe UI&quot;, Helvetica, Arial, sans-serif, &quot;Apple Color Emoji&quot;, &quot;Segoe UI Emoji&quot;, &quot;Segoe UI Symbol&quot;; font-size: 16px;\">Thunderbird<\/span>","DataExportTag":"Q33","QuestionType":"MC","Selector":"SAHR","SubSelector":"TX","DataVisibility":{"Private":false,"Hidden":false},"Configuration":{"QuestionDescriptionOption":"UseText","LabelPosition":"BELOW"},"QuestionDescription":"Thunderbird","Choices":{"1":{"Display":"1 - Novice"},"2":{"Display":"2"},"3":{"Display":"3"},"4":{"Display":"4"},"5":{"Display":"5"},"6":{"Display":"6"},"7":{"Display":"7"},"8":{"Display":"8"},"9":{"Display":"9"},"10":{"Display":"10 - Expert"}},"ChoiceOrder":["1","2","3","4","5","6","7","8","9","10"],"Validation":{"Settings":{"ForceResponse":"OFF","ForceResponseType":"ON","Type":"None"}},"Language":[],"QuestionID":"QID35"}},{"SurveyID":"SV_9RbKmkT30EXgRh3","Element":"SQ","PrimaryAttribute":"QID20","SecondaryAttribute":"Unbound DNS","TertiaryAttribute":null,"Payload":{"QuestionText":"<span style=\"color: rgb(36, 41, 46); font-family: -apple-system, BlinkMacSystemFont, &quot;Segoe UI&quot;, Helvetica, Arial, sans-serif, &quot;Apple Color Emoji&quot;, &quot;Segoe UI Emoji&quot;, &quot;Segoe UI Symbol&quot;; font-size: 16px;\">Unbound DNS<\/span>","DataExportTag":"Q18","QuestionType":"MC","Selector":"SAHR","SubSelector":"TX","DataVisibility":{"Private":false,"Hidden":false},"Configuration":{"QuestionDescriptionOption":"UseText","LabelPosition":"BELOW"},"QuestionDescription":"Unbound DNS","Choices":{"1":{"Display":"1 - Novice"},"2":{"Display":"2"},"3":{"Display":"3"},"4":{"Display":"4"},"5":{"Display":"5"},"6":{"Display":"6"},"7":{"Display":"7"},"8":{"Display":"8"},"9":{"Display":"9"},"10":{"Display":"10 - Expert"}},"ChoiceOrder":["1","2","3","4","5","6","7","8","9","10"],"Validation":{"Settings":{"ForceResponse":"OFF","ForceResponseType":"ON","Type":"None"}},"Language":[],"QuestionID":"QID20"}},{"SurveyID":"SV_9RbKmkT30EXgRh3","Element":"SQ","PrimaryAttribute":"QID18","SecondaryAttribute":"Windows DNS","TertiaryAttribute":null,"Payload":{"QuestionText":"<span style=\"color: rgb(36, 41, 46); font-family: -apple-system, BlinkMacSystemFont, &quot;Segoe UI&quot;, Helvetica, Arial, sans-serif, &quot;Apple Color Emoji&quot;, &quot;Segoe UI Emoji&quot;, &quot;Segoe UI Symbol&quot;; font-size: 16px;\">Windows DNS<\/span>","DataExportTag":"Q16","QuestionType":"MC","Selector":"SAHR","SubSelector":"TX","DataVisibility":{"Private":false,"Hidden":false},"Configuration":{"QuestionDescriptionOption":"UseText","LabelPosition":"BELOW"},"QuestionDescription":"Windows DNS","Choices":{"1":{"Display":"1 - Novice"},"2":{"Display":"2"},"3":{"Display":"3"},"4":{"Display":"4"},"5":{"Display":"5"},"6":{"Display":"6"},"7":{"Display":"7"},"8":{"Display":"8"},"9":{"Display":"9"},"10":{"Display":"10 - Expert"}},"ChoiceOrder":["1","2","3","4","5","6","7","8","9","10"],"Validation":{"Settings":{"ForceResponse":"OFF","ForceResponseType":"ON","Type":"None"}},"Language":[],"QuestionID":"QID18"}}]}